{
  "name": "js-project",
  "lockfileVersion": 3,
  "requires": true,
  "packages": {
    "": {
      "dependencies": {
        "zx": "file:../../.."
      }
    },
    "../../..": {
      "version": "8.0.2",
      "license": "Apache-2.0",
      "bin": {
        "zx": "build/cli.js"
      },
      "devDependencies": {
        "@types/fs-extra": "^11.0.4",
        "@types/minimist": "^1.2.5",
        "@types/node": ">=20.11.30",
        "@types/which": "^3.0.3",
        "@webpod/ingrid": "^0.0.0-beta.3",
        "@webpod/ps": "^0.0.0-beta.3",
        "c8": "^9.1.0",
        "chalk": "^5.3.0",
        "create-require": "^1.1.1",
        "depseek": "^0.4.1",
        "dts-bundle-generator": "^9.5.1",
        "esbuild": "^0.21.0",
        "esbuild-node-externals": "^1.13.1",
        "esbuild-plugin-entry-chunks": "^0.1.14",
        "esbuild-plugin-extract-helpers": "^0.0.5",
        "esbuild-plugin-hybrid-export": "^0.2.3",
        "esbuild-plugin-transform-hook": "^0.0.3",
        "esbuild-plugin-utils": "^0.0.1",
        "fs-extra": "^11.2.0",
        "fx": "*",
        "globby": "^14.0.1",
        "madge": "^7.0.0",
        "minimist": "^1.2.8",
        "node-abort-controller": "^3.1.1",
        "node-fetch-native": "^1.6.4",
        "prettier": "^3.2.5",
        "tsd": "^0.31.0",
        "typescript": "^5.4.5",
        "which": "^4.0.0",
        "yaml": "^2.4.2",
        "zurk": "^0.1.4"
      },
      "engines": {
        "node": ">= 12.0.0"
      },
      "optionalDependencies": {
        "@types/fs-extra": "^11.0.4",
        "@types/node": ">=20.12.10"
      }
    },
    "node_modules/zx": {
      "resolved": "../../..",
      "link": true
    }
  }
}
