{
  "name": "js-project",
  "lockfileVersion": 3,
  "requires": true,
  "packages": {
    "": {
      "dependencies": {
        "zx": "file:../../.."
      }
    },
    "../../..": {
      "version": "7.2.3",
      "license": "Apache-2.0",
      "bin": {
        "zx": "build/cli.js"
      },
      "devDependencies": {
        "@types/fs-extra": "^11.0.4",
        "@types/minimist": "^1.2.5",
        "@types/node": ">=20.11.30",
        "@types/which": "^3.0.3",
        "@webpod/ingrid": "^0.0.0-beta.3",
        "@webpod/ps": "^0.0.0-beta.2",
        "c8": "^9.1.0",
        "chalk": "^5.3.0",
        "depseek": "^0.4.1",
        "dts-bundle-generator": "^9.3.1",
        "esbuild": "^0.20.2",
        "esbuild-node-externals": "^1.13.0",
        "esbuild-plugin-entry-chunks": "^0.1.11",
        "fs-extra": "^11.2.0",
        "fx": "*",
        "globby": "^14.0.1",
        "madge": "^6.1.0",
        "minimist": "^1.2.8",
        "node-fetch-native": "^1.6.4",
        "prettier": "^3.2.5",
        "tsd": "^0.30.7",
        "typescript": "^5.4.3",
        "which": "^4.0.0",
        "yaml": "^2.4.1",
        "zurk": "^0.0.32"
      },
      "engines": {
        "node": ">= 16.0.0"
      },
      "optionalDependencies": {
        "@types/fs-extra": "^11.0.4",
        "@types/node": ">=20.11.30"
      }
    },
    "node_modules/zx": {
      "resolved": "../../..",
      "link": true
    }
  }
}
